{
  "nodes": {
    "firefox-addons": {
      "inputs": {
        "flake-utils": "flake-utils",
        "nixpkgs": [
          "nixpkgs"
        ]
      },
      "locked": {
        "dir": "pkgs/firefox-addons",
        "lastModified": 1711080247,
        "narHash": "sha256-INIn5/6anm9rW+DhOfL83O3Z5vka9IQA7WQOA/CyxEU=",
        "owner": "rycee",
        "repo": "nur-expressions",
        "rev": "83a5049cfc2e37d9ef5b540aa01c0e5cc1e2a00f",
        "type": "gitlab"
      },
      "original": {
        "dir": "pkgs/firefox-addons",
        "owner": "rycee",
        "repo": "nur-expressions",
        "rev": "83a5049cfc2e37d9ef5b540aa01c0e5cc1e2a00f",
        "type": "gitlab"
      }
    },
    "flake-compat": {
      "locked": {
        "lastModified": 1688025799,
        "narHash": "sha256-ktpB4dRtnksm9F5WawoIkEneh1nrEvuxb5lJFt1iOyw=",
        "owner": "nix-community",
        "repo": "flake-compat",
        "rev": "8bf105319d44f6b9f0d764efa4fdef9f1cc9ba1c",
        "type": "github"
      },
      "original": {
        "owner": "nix-community",
        "repo": "flake-compat",
        "type": "github"
      }
    },
    "flake-utils": {
      "locked": {
        "lastModified": 1629284811,
        "narHash": "sha256-JHgasjPR0/J1J3DRm4KxM4zTyAj4IOJY8vIl75v/kPI=",
        "owner": "numtide",
        "repo": "flake-utils",
        "rev": "c5d161cc0af116a2e17f54316f0bf43f0819785c",
        "type": "github"
      },
      "original": {
        "owner": "numtide",
        "repo": "flake-utils",
        "type": "github"
      }
    },
    "grc-rs": {
      "inputs": {
        "nixpkgs": [
          "nixpkgs"
        ]
      },
      "locked": {
        "lastModified": 1708537354,
        "narHash": "sha256-T38n1bryzQHCCvhwacMJKZiCuFnQRDZvwYZhVhaGQ9M=",
        "owner": "idm1try",
        "repo": "grc-rs",
        "rev": "8a6ef0843be6342c1d6bdc620df0d4dff700b4cc",
        "type": "github"
      },
      "original": {
        "owner": "idm1try",
        "repo": "grc-rs",
        "type": "github"
      }
    },
    "home-manager": {
      "inputs": {
        "nixpkgs": [
          "nixpkgs"
        ]
      },
      "locked": {
        "lastModified": 1717525419,
        "narHash": "sha256-5z2422pzWnPXHgq2ms8lcCfttM0dz+hg+x1pCcNkAws=",
        "owner": "nix-community",
        "repo": "home-manager",
        "rev": "a7117efb3725e6197dd95424136f79147aa35e5b",
        "type": "github"
      },
      "original": {
        "owner": "nix-community",
        "repo": "home-manager",
        "type": "github"
      }
    },
    "nixos-apple-silicon": {
      "inputs": {
        "flake-compat": "flake-compat",
        "nixpkgs": [
          "nixpkgs"
        ],
        "rust-overlay": "rust-overlay"
      },
      "locked": {
        "lastModified": 1716699938,
        "narHash": "sha256-AzTYm22tTDJy0tSqMDf95rmCxxoGTPClu0paGPeh5a0=",
        "owner": "tpwrules",
        "repo": "nixos-apple-silicon",
        "rev": "842306255856d7f5677c113e699101eb253e2e3f",
        "type": "github"
      },
      "original": {
        "owner": "tpwrules",
        "repo": "nixos-apple-silicon",
        "type": "github"
      }
    },
    "nixpkgs": {
      "locked": {
        "lastModified": 1717754145,
        "narHash": "sha256-essAFGqO3yXcMVcKgM+LDrqSKzFploWlhd3EdiurIhQ=",
        "owner": "nixos",
        "repo": "nixpkgs",
        "rev": "ba2ec015bd7234b2b7068175fa7dbe02b7def65e",
        "type": "github"
      },
      "original": {
        "owner": "nixos",
        "repo": "nixpkgs",
        "type": "github"
      }
    },
    "nixpkgs-old": {
      "locked": {
        "lastModified": 1714466836,
        "narHash": "sha256-AkA7t0Et1RScH7xyJkq2TrrD7ot+n38M/eFIJNq83P4=",
        "owner": "nixos",
        "repo": "nixpkgs",
        "rev": "5bc228bd92e8e1e503f5f6ee873a7c4348af27ba",
        "type": "github"
      },
      "original": {
        "owner": "nixos",
        "repo": "nixpkgs",
        "rev": "5bc228bd92e8e1e503f5f6ee873a7c4348af27ba",
        "type": "github"
      }
    },
    "root": {
      "inputs": {
        "firefox-addons": "firefox-addons",
        "grc-rs": "grc-rs",
        "home-manager": "home-manager",
        "nixos-apple-silicon": "nixos-apple-silicon",
        "nixpkgs": "nixpkgs",
        "nixpkgs-old": "nixpkgs-old"
      }
    },
    "rust-overlay": {
      "flake": false,
      "locked": {
        "lastModified": 1686795910,
        "narHash": "sha256-jDa40qRZ0GRQtP9EMZdf+uCbvzuLnJglTUI2JoHfWDc=",
        "owner": "oxalica",
        "repo": "rust-overlay",
        "rev": "5c2b97c0a9bc5217fc3dfb1555aae0fb756d99f9",
        "type": "github"
      },
      "original": {
        "owner": "oxalica",
        "repo": "rust-overlay",
        "type": "github"
      }
    }
  },
  "root": "root",
  "version": 7
}
